
Microsoft Visual Studio Solution File, Format Version 12.00
# Visual Studio 15
VisualStudioVersion = 15.0.27703.2000
MinimumVisualStudioVersion = 10.0.40219.1
Project("{FAE04EC0-301F-11D3-BF4B-00C04F79EFBC}") = "HelloWorld", "HelloWorld\HelloWorld.csproj", "{14AE7693-3A72-4250-ADF2-0020440F5BAE}"
EndProject
Global
	GlobalSection(SolutionConfigurationPlatforms) = preSolution
		Debug|Any CPU = Debug|Any CPU
		Release|Any CPU = Release|Any CPU
	EndGlobalSection
	GlobalSection(ProjectConfigurationPlatforms) = postSolution
		{14AE7693-3A72-4250-ADF2-0020440F5BAE}.Debug|Any CPU.ActiveCfg = Debug|Any CPU
		{14AE7693-3A72-4250-ADF2-0020440F5BAE}.Debug|Any CPU.Build.0 = Debug|Any CPU
		{14AE7693-3A72-4250-ADF2-0020440F5BAE}.Release|Any CPU.ActiveCfg = Release|Any CPU
		{14AE7693-3A72-4250-ADF2-0020440F5BAE}.Release|Any CPU.Build.0 = Release|Any CPU
	EndGlobalSection
	GlobalSection(SolutionProperties) = preSolution
		HideSolutionNode = FALSE
	EndGlobalSection
	GlobalSection(ExtensibilityGlobals) = postSolution
		SolutionGuid = {F87479E8-EAF3-47FE-A3F9-062EB1F65326}
	EndGlobalSection
EndGlobal
